
Microsoft Visual Studio Solution File, Format Version 12.00
# Visual Studio Version 16
VisualStudioVersion = 25.0.1705.3
MinimumVisualStudioVersion = 10.0.40219.1
Project("{FAE04EC0-301F-11D3-BF4B-00C04F79EFBC}") = "ConsoleApp.Core", "ConsoleApp.Core\ConsoleApp.Core.csproj", "{26915546-7EA2-428D-BA86-03964FA0FD94}"
EndProject
Project("{FAE04EC0-301F-11D3-BF4B-00C04F79EFBC}") = "ConsoleApp.DataAccess", "ConsoleApp.DataAccess\ConsoleApp.DataAccess.csproj", "{12CAA9E5-705A-4E63-8176-5ECFD2D5EF90}"
EndProject
Project("{FAE04EC0-301F-11D3-BF4B-00C04F79EFBC}") = "ConsoleApp.Business", "ConsoleApp.Business\ConsoleApp.Business.csproj", "{CD915D60-4862-4DF9-A6C8-3A9587925FBB}"
EndProject
Project("{FAE04EC0-301F-11D3-BF4B-00C04F79EFBC}") = "ConsoleApp.ConsoleAppUI", "ConsoleApp.ConsoleAppUI\ConsoleApp.ConsoleAppUI.csproj", "{105EE70D-7A63-4B39-8E33-F8A4916B8209}"
EndProject
Global
	GlobalSection(SolutionConfigurationPlatforms) = preSolution
		Debug|Any CPU = Debug|Any CPU
		Release|Any CPU = Release|Any CPU
	EndGlobalSection
	GlobalSection(ProjectConfigurationPlatforms) = postSolution
		{26915546-7EA2-428D-BA86-03964FA0FD94}.Debug|Any CPU.ActiveCfg = Debug|Any CPU
		{26915546-7EA2-428D-BA86-03964FA0FD94}.Debug|Any CPU.Build.0 = Debug|Any CPU
		{26915546-7EA2-428D-BA86-03964FA0FD94}.Release|Any CPU.ActiveCfg = Release|Any CPU
		{26915546-7EA2-428D-BA86-03964FA0FD94}.Release|Any CPU.Build.0 = Release|Any CPU
		{12CAA9E5-705A-4E63-8176-5ECFD2D5EF90}.Debug|Any CPU.ActiveCfg = Debug|Any CPU
		{12CAA9E5-705A-4E63-8176-5ECFD2D5EF90}.Debug|Any CPU.Build.0 = Debug|Any CPU
		{12CAA9E5-705A-4E63-8176-5ECFD2D5EF90}.Release|Any CPU.ActiveCfg = Release|Any CPU
		{12CAA9E5-705A-4E63-8176-5ECFD2D5EF90}.Release|Any CPU.Build.0 = Release|Any CPU
		{CD915D60-4862-4DF9-A6C8-3A9587925FBB}.Debug|Any CPU.ActiveCfg = Debug|Any CPU
		{CD915D60-4862-4DF9-A6C8-3A9587925FBB}.Debug|Any CPU.Build.0 = Debug|Any CPU
		{CD915D60-4862-4DF9-A6C8-3A9587925FBB}.Release|Any CPU.ActiveCfg = Release|Any CPU
		{CD915D60-4862-4DF9-A6C8-3A9587925FBB}.Release|Any CPU.Build.0 = Release|Any CPU
		{105EE70D-7A63-4B39-8E33-F8A4916B8209}.Debug|Any CPU.ActiveCfg = Debug|Any CPU
		{105EE70D-7A63-4B39-8E33-F8A4916B8209}.Debug|Any CPU.Build.0 = Debug|Any CPU
		{105EE70D-7A63-4B39-8E33-F8A4916B8209}.Release|Any CPU.ActiveCfg = Release|Any CPU
		{105EE70D-7A63-4B39-8E33-F8A4916B8209}.Release|Any CPU.Build.0 = Release|Any CPU
	EndGlobalSection
	GlobalSection(SolutionProperties) = preSolution
		HideSolutionNode = FALSE
	EndGlobalSection
	GlobalSection(ExtensibilityGlobals) = postSolution
		SolutionGuid = {E21C9954-2851-491E-ACB2-455572725015}
	EndGlobalSection
EndGlobal
